
Microsoft Visual Studio Solution File, Format Version 12.00
# Visual Studio 2012
Project("{FAE04EC0-301F-11D3-BF4B-00C04F79EFBC}") = "InstantSelfie", "InstantSelfie\InstantSelfie.csproj", "{B09BDFFE-559F-4DB8-8991-C3A2EB566A09}"
EndProject
Project("{FAE04EC0-301F-11D3-BF4B-00C04F79EFBC}") = "InstantSelfie.iOS", "iOS\InstantSelfie.iOS.csproj", "{B9237EA0-C054-4C44-B9B7-87B728FF03C8}"
EndProject
Project("{FAE04EC0-301F-11D3-BF4B-00C04F79EFBC}") = "InstantSelfie.Droid", "Droid\InstantSelfie.Droid.csproj", "{40E29379-0270-4FB4-B715-AD561BB869B3}"
EndProject
Project("{FAE04EC0-301F-11D3-BF4B-00C04F79EFBC}") = "InstantSelfie.UITests", "UITests\InstantSelfie.UITests.csproj", "{80A0E889-9459-4AAF-B509-79B59C356B03}"
EndProject
Global
	GlobalSection(SolutionConfigurationPlatforms) = preSolution
		Debug|Any CPU = Debug|Any CPU
		Release|Any CPU = Release|Any CPU
		Debug|iPhoneSimulator = Debug|iPhoneSimulator
		Release|iPhone = Release|iPhone
		Release|iPhoneSimulator = Release|iPhoneSimulator
		Debug|iPhone = Debug|iPhone
	EndGlobalSection
	GlobalSection(ProjectConfigurationPlatforms) = postSolution
		{B09BDFFE-559F-4DB8-8991-C3A2EB566A09}.Debug|Any CPU.ActiveCfg = Debug|Any CPU
		{B09BDFFE-559F-4DB8-8991-C3A2EB566A09}.Debug|Any CPU.Build.0 = Debug|Any CPU
		{B09BDFFE-559F-4DB8-8991-C3A2EB566A09}.Release|Any CPU.ActiveCfg = Release|Any CPU
		{B09BDFFE-559F-4DB8-8991-C3A2EB566A09}.Release|Any CPU.Build.0 = Release|Any CPU
		{B09BDFFE-559F-4DB8-8991-C3A2EB566A09}.Debug|iPhoneSimulator.ActiveCfg = Debug|Any CPU
		{B09BDFFE-559F-4DB8-8991-C3A2EB566A09}.Debug|iPhoneSimulator.Build.0 = Debug|Any CPU
		{B09BDFFE-559F-4DB8-8991-C3A2EB566A09}.Release|iPhone.ActiveCfg = Release|Any CPU
		{B09BDFFE-559F-4DB8-8991-C3A2EB566A09}.Release|iPhone.Build.0 = Release|Any CPU
		{B09BDFFE-559F-4DB8-8991-C3A2EB566A09}.Release|iPhoneSimulator.ActiveCfg = Release|Any CPU
		{B09BDFFE-559F-4DB8-8991-C3A2EB566A09}.Release|iPhoneSimulator.Build.0 = Release|Any CPU
		{B09BDFFE-559F-4DB8-8991-C3A2EB566A09}.Debug|iPhone.ActiveCfg = Debug|Any CPU
		{B09BDFFE-559F-4DB8-8991-C3A2EB566A09}.Debug|iPhone.Build.0 = Debug|Any CPU
		{B9237EA0-C054-4C44-B9B7-87B728FF03C8}.Debug|Any CPU.ActiveCfg = Debug|iPhoneSimulator
		{B9237EA0-C054-4C44-B9B7-87B728FF03C8}.Debug|Any CPU.Build.0 = Debug|iPhoneSimulator
		{B9237EA0-C054-4C44-B9B7-87B728FF03C8}.Release|Any CPU.ActiveCfg = Release|iPhone
		{B9237EA0-C054-4C44-B9B7-87B728FF03C8}.Release|Any CPU.Build.0 = Release|iPhone
		{B9237EA0-C054-4C44-B9B7-87B728FF03C8}.Debug|iPhoneSimulator.ActiveCfg = Debug|iPhoneSimulator
		{B9237EA0-C054-4C44-B9B7-87B728FF03C8}.Debug|iPhoneSimulator.Build.0 = Debug|iPhoneSimulator
		{B9237EA0-C054-4C44-B9B7-87B728FF03C8}.Release|iPhone.ActiveCfg = Release|iPhone
		{B9237EA0-C054-4C44-B9B7-87B728FF03C8}.Release|iPhone.Build.0 = Release|iPhone
		{B9237EA0-C054-4C44-B9B7-87B728FF03C8}.Release|iPhoneSimulator.ActiveCfg = Release|iPhoneSimulator
		{B9237EA0-C054-4C44-B9B7-87B728FF03C8}.Release|iPhoneSimulator.Build.0 = Release|iPhoneSimulator
		{B9237EA0-C054-4C44-B9B7-87B728FF03C8}.Debug|iPhone.ActiveCfg = Debug|iPhone
		{B9237EA0-C054-4C44-B9B7-87B728FF03C8}.Debug|iPhone.Build.0 = Debug|iPhone
		{40E29379-0270-4FB4-B715-AD561BB869B3}.Debug|Any CPU.ActiveCfg = Debug|Any CPU
		{40E29379-0270-4FB4-B715-AD561BB869B3}.Debug|Any CPU.Build.0 = Debug|Any CPU
		{40E29379-0270-4FB4-B715-AD561BB869B3}.Release|Any CPU.ActiveCfg = Release|Any CPU
		{40E29379-0270-4FB4-B715-AD561BB869B3}.Release|Any CPU.Build.0 = Release|Any CPU
		{40E29379-0270-4FB4-B715-AD561BB869B3}.Debug|iPhoneSimulator.ActiveCfg = Debug|Any CPU
		{40E29379-0270-4FB4-B715-AD561BB869B3}.Debug|iPhoneSimulator.Build.0 = Debug|Any CPU
		{40E29379-0270-4FB4-B715-AD561BB869B3}.Release|iPhone.ActiveCfg = Release|Any CPU
		{40E29379-0270-4FB4-B715-AD561BB869B3}.Release|iPhone.Build.0 = Release|Any CPU
		{40E29379-0270-4FB4-B715-AD561BB869B3}.Release|iPhoneSimulator.ActiveCfg = Release|Any CPU
		{40E29379-0270-4FB4-B715-AD561BB869B3}.Release|iPhoneSimulator.Build.0 = Release|Any CPU
		{40E29379-0270-4FB4-B715-AD561BB869B3}.Debug|iPhone.ActiveCfg = Debug|Any CPU
		{40E29379-0270-4FB4-B715-AD561BB869B3}.Debug|iPhone.Build.0 = Debug|Any CPU
		{80A0E889-9459-4AAF-B509-79B59C356B03}.Debug|Any CPU.ActiveCfg = Debug|Any CPU
		{80A0E889-9459-4AAF-B509-79B59C356B03}.Debug|Any CPU.Build.0 = Debug|Any CPU
		{80A0E889-9459-4AAF-B509-79B59C356B03}.Release|Any CPU.ActiveCfg = Release|Any CPU
		{80A0E889-9459-4AAF-B509-79B59C356B03}.Release|Any CPU.Build.0 = Release|Any CPU
		{80A0E889-9459-4AAF-B509-79B59C356B03}.Debug|iPhoneSimulator.ActiveCfg = Debug|Any CPU
		{80A0E889-9459-4AAF-B509-79B59C356B03}.Debug|iPhoneSimulator.Build.0 = Debug|Any CPU
		{80A0E889-9459-4AAF-B509-79B59C356B03}.Release|iPhone.ActiveCfg = Release|Any CPU
		{80A0E889-9459-4AAF-B509-79B59C356B03}.Release|iPhone.Build.0 = Release|Any CPU
		{80A0E889-9459-4AAF-B509-79B59C356B03}.Release|iPhoneSimulator.ActiveCfg = Release|Any CPU
		{80A0E889-9459-4AAF-B509-79B59C356B03}.Release|iPhoneSimulator.Build.0 = Release|Any CPU
		{80A0E889-9459-4AAF-B509-79B59C356B03}.Debug|iPhone.ActiveCfg = Debug|Any CPU
		{80A0E889-9459-4AAF-B509-79B59C356B03}.Debug|iPhone.Build.0 = Debug|Any CPU
	EndGlobalSection
EndGlobal
